<Solution>
  <Project Path="SecurityRule.Domain/SecurityRule.Domain.csproj" />
  <Project Path="SecurityRule.Infrastructure/SecurityRule.Infrastructure.csproj" />
  <Project Path="SecurityRule.Tests/SecurityRule.Tests.csproj" />
  <Project Path="SecurityRule.BDD.Tests/SecurityRule.BDD.Tests.csproj" />
  <Project Path="SecurityRule.E2E.Tests/SecurityRule.E2E.Tests.csproj" />
  <Project Path="SecurityRule.Web/SecurityRule.Web.csproj" />
</Solution>
